
Microsoft Visual Studio Solution File, Format Version 12.00
# Visual Studio Version 17
VisualStudioVersion = 17.5.33424.131
MinimumVisualStudioVersion = 10.0.40219.1
Project("{FAE04EC0-301F-11D3-BF4B-00C04F79EFBC}") = "SumOfFirst10Numbers", "SumOfFirst10Numbers.csproj", "{8A74A572-4A59-411D-8F2C-9227B62045FB}"
EndProject
Global
	GlobalSection(SolutionConfigurationPlatforms) = preSolution
		Debug|Any CPU = Debug|Any CPU
		Release|Any CPU = Release|Any CPU
	EndGlobalSection
	GlobalSection(ProjectConfigurationPlatforms) = postSolution
		{8A74A572-4A59-411D-8F2C-9227B62045FB}.Debug|Any CPU.ActiveCfg = Debug|Any CPU
		{8A74A572-4A59-411D-8F2C-9227B62045FB}.Debug|Any CPU.Build.0 = Debug|Any CPU
		{8A74A572-4A59-411D-8F2C-9227B62045FB}.Release|Any CPU.ActiveCfg = Release|Any CPU
		{8A74A572-4A59-411D-8F2C-9227B62045FB}.Release|Any CPU.Build.0 = Release|Any CPU
	EndGlobalSection
	GlobalSection(SolutionProperties) = preSolution
		HideSolutionNode = FALSE
	EndGlobalSection
	GlobalSection(ExtensibilityGlobals) = postSolution
		SolutionGuid = {483597B1-9BD1-4320-AF7C-A5C8004A3F33}
	EndGlobalSection
EndGlobal
